
Microsoft Visual Studio Solution File, Format Version 12.00
# Visual Studio Version 16
VisualStudioVersion = 16.0.31321.278
MinimumVisualStudioVersion = 10.0.40219.1
Project("{FAE04EC0-301F-11D3-BF4B-00C04F79EFBC}") = "TDS.Practica 1", "TDS.Practica 1\TDS.Practica 1.csproj", "{EB1D9BCA-E30E-4C9C-A1F1-D1F57538D473}"
EndProject
Global
	GlobalSection(SolutionConfigurationPlatforms) = preSolution
		Debug|Any CPU = Debug|Any CPU
		Release|Any CPU = Release|Any CPU
	EndGlobalSection
	GlobalSection(ProjectConfigurationPlatforms) = postSolution
		{EB1D9BCA-E30E-4C9C-A1F1-D1F57538D473}.Debug|Any CPU.ActiveCfg = Debug|Any CPU
		{EB1D9BCA-E30E-4C9C-A1F1-D1F57538D473}.Debug|Any CPU.Build.0 = Debug|Any CPU
		{EB1D9BCA-E30E-4C9C-A1F1-D1F57538D473}.Release|Any CPU.ActiveCfg = Release|Any CPU
		{EB1D9BCA-E30E-4C9C-A1F1-D1F57538D473}.Release|Any CPU.Build.0 = Release|Any CPU
	EndGlobalSection
	GlobalSection(SolutionProperties) = preSolution
		HideSolutionNode = FALSE
	EndGlobalSection
	GlobalSection(ExtensibilityGlobals) = postSolution
		SolutionGuid = {9CF1A06E-2E8B-4366-9F9E-D2A1CD617271}
	EndGlobalSection
EndGlobal
